
Microsoft Visual Studio Solution File, Format Version 12.00
# Visual Studio Version 17
VisualStudioVersion = 17.13.35931.197 d17.13
MinimumVisualStudioVersion = 10.0.40219.1
Project("{FAE04EC0-301F-11D3-BF4B-00C04F79EFBC}") = "Azunt.MediaThemeManagement", "Azunt.MediaThemeManagement\Azunt.MediaThemeManagement.csproj", "{23914D90-DF8D-43F3-8C3C-1696842D0C27}"
EndProject
Project("{00D1A9C2-B5F0-4AF3-8072-F6C62B433612}") = "Azunt.SqlServer", "Azunt.SqlServer\Azunt.SqlServer.sqlproj", "{AC28016E-BEFD-4BFE-A958-1D176A852D40}"
EndProject
Global
	GlobalSection(SolutionConfigurationPlatforms) = preSolution
		Debug|Any CPU = Debug|Any CPU
		Release|Any CPU = Release|Any CPU
	EndGlobalSection
	GlobalSection(ProjectConfigurationPlatforms) = postSolution
		{23914D90-DF8D-43F3-8C3C-1696842D0C27}.Debug|Any CPU.ActiveCfg = Debug|Any CPU
		{23914D90-DF8D-43F3-8C3C-1696842D0C27}.Debug|Any CPU.Build.0 = Debug|Any CPU
		{23914D90-DF8D-43F3-8C3C-1696842D0C27}.Release|Any CPU.ActiveCfg = Release|Any CPU
		{23914D90-DF8D-43F3-8C3C-1696842D0C27}.Release|Any CPU.Build.0 = Release|Any CPU
		{AC28016E-BEFD-4BFE-A958-1D176A852D40}.Debug|Any CPU.ActiveCfg = Debug|Any CPU
		{AC28016E-BEFD-4BFE-A958-1D176A852D40}.Debug|Any CPU.Build.0 = Debug|Any CPU
		{AC28016E-BEFD-4BFE-A958-1D176A852D40}.Debug|Any CPU.Deploy.0 = Debug|Any CPU
		{AC28016E-BEFD-4BFE-A958-1D176A852D40}.Release|Any CPU.ActiveCfg = Release|Any CPU
		{AC28016E-BEFD-4BFE-A958-1D176A852D40}.Release|Any CPU.Build.0 = Release|Any CPU
		{AC28016E-BEFD-4BFE-A958-1D176A852D40}.Release|Any CPU.Deploy.0 = Release|Any CPU
	EndGlobalSection
	GlobalSection(SolutionProperties) = preSolution
		HideSolutionNode = FALSE
	EndGlobalSection
	GlobalSection(ExtensibilityGlobals) = postSolution
		SolutionGuid = {F12899A8-C933-43FD-AEE8-DD47E2A50548}
	EndGlobalSection
EndGlobal
